
Microsoft Visual Studio Solution File, Format Version 12.00
# Visual Studio 14
VisualStudioVersion = 14.0.25420.1
MinimumVisualStudioVersion = 10.0.40219.1
Project("{2150E333-8FDC-42A3-9474-1A3956D46DE8}") = "src", "src", "{D52F5C5D-DA46-4103-85C6-E05040E92C6C}"
EndProject
Project("{2150E333-8FDC-42A3-9474-1A3956D46DE8}") = "Solution Items", "Solution Items", "{E181E687-3CC8-4AE6-BF96-C9A670AB6547}"
	ProjectSection(SolutionItems) = preProject
		global.json = global.json
		README.md = README.md
	EndProjectSection
EndProject
Project("{8BB2217D-0F2D-49D1-97BC-3654ED321F3B}") = "Harry.Common", "src\Harry.Common\Harry.Common.xproj", "{CFBA457D-22EC-4291-B3F7-DBE55DEF04CA}"
EndProject
Project("{8BB2217D-0F2D-49D1-97BC-3654ED321F3B}") = "Harry.Web", "src\Harry.Web\Harry.Web.xproj", "{BA580087-9342-43DA-868C-32EC2C15E13E}"
EndProject
Project("{2150E333-8FDC-42A3-9474-1A3956D46DE8}") = "doc", "doc", "{C3E1D4CB-80D6-4705-94C9-EC4EF378BCFB}"
	ProjectSection(SolutionItems) = preProject
		doc\NLog.config = doc\NLog.config
	EndProjectSection
EndProject
Project("{8BB2217D-0F2D-49D1-97BC-3654ED321F3B}") = "Harry.Json", "src\Harry.Json\Harry.Json.xproj", "{2B95C16C-9ED2-4A24-8943-D3CED73E07F2}"
EndProject
Project("{2150E333-8FDC-42A3-9474-1A3956D46DE8}") = "test", "test", "{19059B59-2C0E-4616-8AB6-63AFA41C7348}"
EndProject
Project("{8BB2217D-0F2D-49D1-97BC-3654ED321F3B}") = "Harry.Json.Test", "test\Harry.Json.Test\Harry.Json.Test.xproj", "{4A3BC40F-34FA-4949-9BCE-A94AF2826AB9}"
EndProject
Project("{8BB2217D-0F2D-49D1-97BC-3654ED321F3B}") = "Harry.Common.Test", "test\Harry.Common.Test\Harry.Common.Test.xproj", "{6BA51EFE-BCD4-4C96-A63B-3DD3F23C17F5}"
EndProject
Project("{FAE04EC0-301F-11D3-BF4B-00C04F79EFBC}") = "Harry.Test.NET20", "test\Harry.Test.NET20\Harry.Test.NET20.csproj", "{A1FAE2F9-BA9A-4841-99B9-F92BBD48A5D5}"
EndProject
Project("{8BB2217D-0F2D-49D1-97BC-3654ED321F3B}") = "Harry.Test.NETCore", "test\Harry.Test.NETCore\Harry.Test.NETCore.xproj", "{82C92EFE-A271-41CE-A6C6-2179139393FE}"
EndProject
Project("{FAE04EC0-301F-11D3-BF4B-00C04F79EFBC}") = "Harry.Test.NET35", "test\Harry.Test.NET35\Harry.Test.NET35.csproj", "{B8FC2DA6-B64F-4370-81A2-1915B5B8BED1}"
EndProject
Project("{FAE04EC0-301F-11D3-BF4B-00C04F79EFBC}") = "Harry.Test.NET40", "test\Harry.Test.NET40\Harry.Test.NET40.csproj", "{9D4ED070-81ED-47F9-92DD-18AE7B3AB1FB}"
EndProject
Project("{FAE04EC0-301F-11D3-BF4B-00C04F79EFBC}") = "Harry.Test.NET45", "test\Harry.Test.NET45\Harry.Test.NET45.csproj", "{EB121D63-E7D2-45ED-A9A6-0950582F7A51}"
EndProject
Global
	GlobalSection(SolutionConfigurationPlatforms) = preSolution
		Debug|Any CPU = Debug|Any CPU
		Release|Any CPU = Release|Any CPU
	EndGlobalSection
	GlobalSection(ProjectConfigurationPlatforms) = postSolution
		{CFBA457D-22EC-4291-B3F7-DBE55DEF04CA}.Debug|Any CPU.ActiveCfg = Debug|Any CPU
		{CFBA457D-22EC-4291-B3F7-DBE55DEF04CA}.Debug|Any CPU.Build.0 = Debug|Any CPU
		{CFBA457D-22EC-4291-B3F7-DBE55DEF04CA}.Release|Any CPU.ActiveCfg = Release|Any CPU
		{CFBA457D-22EC-4291-B3F7-DBE55DEF04CA}.Release|Any CPU.Build.0 = Release|Any CPU
		{BA580087-9342-43DA-868C-32EC2C15E13E}.Debug|Any CPU.ActiveCfg = Debug|Any CPU
		{BA580087-9342-43DA-868C-32EC2C15E13E}.Debug|Any CPU.Build.0 = Debug|Any CPU
		{BA580087-9342-43DA-868C-32EC2C15E13E}.Release|Any CPU.ActiveCfg = Release|Any CPU
		{BA580087-9342-43DA-868C-32EC2C15E13E}.Release|Any CPU.Build.0 = Release|Any CPU
		{2B95C16C-9ED2-4A24-8943-D3CED73E07F2}.Debug|Any CPU.ActiveCfg = Debug|Any CPU
		{2B95C16C-9ED2-4A24-8943-D3CED73E07F2}.Debug|Any CPU.Build.0 = Debug|Any CPU
		{2B95C16C-9ED2-4A24-8943-D3CED73E07F2}.Release|Any CPU.ActiveCfg = Release|Any CPU
		{2B95C16C-9ED2-4A24-8943-D3CED73E07F2}.Release|Any CPU.Build.0 = Release|Any CPU
		{4A3BC40F-34FA-4949-9BCE-A94AF2826AB9}.Debug|Any CPU.ActiveCfg = Debug|Any CPU
		{4A3BC40F-34FA-4949-9BCE-A94AF2826AB9}.Debug|Any CPU.Build.0 = Debug|Any CPU
		{4A3BC40F-34FA-4949-9BCE-A94AF2826AB9}.Release|Any CPU.ActiveCfg = Release|Any CPU
		{4A3BC40F-34FA-4949-9BCE-A94AF2826AB9}.Release|Any CPU.Build.0 = Release|Any CPU
		{6BA51EFE-BCD4-4C96-A63B-3DD3F23C17F5}.Debug|Any CPU.ActiveCfg = Debug|Any CPU
		{6BA51EFE-BCD4-4C96-A63B-3DD3F23C17F5}.Debug|Any CPU.Build.0 = Debug|Any CPU
		{6BA51EFE-BCD4-4C96-A63B-3DD3F23C17F5}.Release|Any CPU.ActiveCfg = Release|Any CPU
		{6BA51EFE-BCD4-4C96-A63B-3DD3F23C17F5}.Release|Any CPU.Build.0 = Release|Any CPU
		{A1FAE2F9-BA9A-4841-99B9-F92BBD48A5D5}.Debug|Any CPU.ActiveCfg = Debug|Any CPU
		{A1FAE2F9-BA9A-4841-99B9-F92BBD48A5D5}.Debug|Any CPU.Build.0 = Debug|Any CPU
		{A1FAE2F9-BA9A-4841-99B9-F92BBD48A5D5}.Release|Any CPU.ActiveCfg = Release|Any CPU
		{A1FAE2F9-BA9A-4841-99B9-F92BBD48A5D5}.Release|Any CPU.Build.0 = Release|Any CPU
		{82C92EFE-A271-41CE-A6C6-2179139393FE}.Debug|Any CPU.ActiveCfg = Debug|Any CPU
		{82C92EFE-A271-41CE-A6C6-2179139393FE}.Debug|Any CPU.Build.0 = Debug|Any CPU
		{82C92EFE-A271-41CE-A6C6-2179139393FE}.Release|Any CPU.ActiveCfg = Release|Any CPU
		{82C92EFE-A271-41CE-A6C6-2179139393FE}.Release|Any CPU.Build.0 = Release|Any CPU
		{B8FC2DA6-B64F-4370-81A2-1915B5B8BED1}.Debug|Any CPU.ActiveCfg = Debug|Any CPU
		{B8FC2DA6-B64F-4370-81A2-1915B5B8BED1}.Debug|Any CPU.Build.0 = Debug|Any CPU
		{B8FC2DA6-B64F-4370-81A2-1915B5B8BED1}.Release|Any CPU.ActiveCfg = Release|Any CPU
		{B8FC2DA6-B64F-4370-81A2-1915B5B8BED1}.Release|Any CPU.Build.0 = Release|Any CPU
		{9D4ED070-81ED-47F9-92DD-18AE7B3AB1FB}.Debug|Any CPU.ActiveCfg = Debug|Any CPU
		{9D4ED070-81ED-47F9-92DD-18AE7B3AB1FB}.Debug|Any CPU.Build.0 = Debug|Any CPU
		{9D4ED070-81ED-47F9-92DD-18AE7B3AB1FB}.Release|Any CPU.ActiveCfg = Release|Any CPU
		{9D4ED070-81ED-47F9-92DD-18AE7B3AB1FB}.Release|Any CPU.Build.0 = Release|Any CPU
		{EB121D63-E7D2-45ED-A9A6-0950582F7A51}.Debug|Any CPU.ActiveCfg = Debug|Any CPU
		{EB121D63-E7D2-45ED-A9A6-0950582F7A51}.Debug|Any CPU.Build.0 = Debug|Any CPU
		{EB121D63-E7D2-45ED-A9A6-0950582F7A51}.Release|Any CPU.ActiveCfg = Release|Any CPU
		{EB121D63-E7D2-45ED-A9A6-0950582F7A51}.Release|Any CPU.Build.0 = Release|Any CPU
	EndGlobalSection
	GlobalSection(SolutionProperties) = preSolution
		HideSolutionNode = FALSE
	EndGlobalSection
	GlobalSection(NestedProjects) = preSolution
		{CFBA457D-22EC-4291-B3F7-DBE55DEF04CA} = {D52F5C5D-DA46-4103-85C6-E05040E92C6C}
		{BA580087-9342-43DA-868C-32EC2C15E13E} = {D52F5C5D-DA46-4103-85C6-E05040E92C6C}
		{C3E1D4CB-80D6-4705-94C9-EC4EF378BCFB} = {E181E687-3CC8-4AE6-BF96-C9A670AB6547}
		{2B95C16C-9ED2-4A24-8943-D3CED73E07F2} = {D52F5C5D-DA46-4103-85C6-E05040E92C6C}
		{4A3BC40F-34FA-4949-9BCE-A94AF2826AB9} = {19059B59-2C0E-4616-8AB6-63AFA41C7348}
		{6BA51EFE-BCD4-4C96-A63B-3DD3F23C17F5} = {19059B59-2C0E-4616-8AB6-63AFA41C7348}
		{A1FAE2F9-BA9A-4841-99B9-F92BBD48A5D5} = {19059B59-2C0E-4616-8AB6-63AFA41C7348}
		{82C92EFE-A271-41CE-A6C6-2179139393FE} = {19059B59-2C0E-4616-8AB6-63AFA41C7348}
		{B8FC2DA6-B64F-4370-81A2-1915B5B8BED1} = {19059B59-2C0E-4616-8AB6-63AFA41C7348}
		{9D4ED070-81ED-47F9-92DD-18AE7B3AB1FB} = {19059B59-2C0E-4616-8AB6-63AFA41C7348}
		{EB121D63-E7D2-45ED-A9A6-0950582F7A51} = {19059B59-2C0E-4616-8AB6-63AFA41C7348}
	EndGlobalSection
EndGlobal
