
Microsoft Visual Studio Solution File, Format Version 12.00
# Visual Studio 14
VisualStudioVersion = 14.0.25123.0
MinimumVisualStudioVersion = 10.0.40219.1
Project("{2150E333-8FDC-42A3-9474-1A3956D46DE8}") = "Test", "Test", "{6B13FF2A-D7E1-4365-8A42-2FD55B0E1778}"
EndProject
Project("{2150E333-8FDC-42A3-9474-1A3956D46DE8}") = "Tools", "Tools", "{3CB370CA-8030-4F25-96AA-A0E269F39AC4}"
EndProject
Project("{2150E333-8FDC-42A3-9474-1A3956D46DE8}") = "Net40", "Net40", "{FA7E6FB1-0D1C-4934-BB38-F0644658F502}"
EndProject
Project("{FAE04EC0-301F-11D3-BF4B-00C04F79EFBC}") = "Harry.Image.Validate", "src\DotNet\Harry.Image.Validate\Harry.Image.Validate.csproj", "{498D05D6-D1BB-47D5-8777-135DD13DC3FE}"
EndProject
Project("{FAE04EC0-301F-11D3-BF4B-00C04F79EFBC}") = "Harry.Image.Validate.GeneralProvider", "src\DotNet\Harry.Image.Validate.GeneralProvider\Harry.Image.Validate.GeneralProvider.csproj", "{BBC69968-FB06-4FB8-8A04-3FB978356605}"
EndProject
Global
	GlobalSection(SolutionConfigurationPlatforms) = preSolution
		Debug|Any CPU = Debug|Any CPU
		Release|Any CPU = Release|Any CPU
	EndGlobalSection
	GlobalSection(ProjectConfigurationPlatforms) = postSolution
		{498D05D6-D1BB-47D5-8777-135DD13DC3FE}.Debug|Any CPU.ActiveCfg = Debug|Any CPU
		{498D05D6-D1BB-47D5-8777-135DD13DC3FE}.Debug|Any CPU.Build.0 = Debug|Any CPU
		{498D05D6-D1BB-47D5-8777-135DD13DC3FE}.Release|Any CPU.ActiveCfg = Release|Any CPU
		{498D05D6-D1BB-47D5-8777-135DD13DC3FE}.Release|Any CPU.Build.0 = Release|Any CPU
		{BBC69968-FB06-4FB8-8A04-3FB978356605}.Debug|Any CPU.ActiveCfg = Debug|Any CPU
		{BBC69968-FB06-4FB8-8A04-3FB978356605}.Debug|Any CPU.Build.0 = Debug|Any CPU
		{BBC69968-FB06-4FB8-8A04-3FB978356605}.Release|Any CPU.ActiveCfg = Release|Any CPU
		{BBC69968-FB06-4FB8-8A04-3FB978356605}.Release|Any CPU.Build.0 = Release|Any CPU
	EndGlobalSection
	GlobalSection(SolutionProperties) = preSolution
		HideSolutionNode = FALSE
	EndGlobalSection
	GlobalSection(NestedProjects) = preSolution
		{498D05D6-D1BB-47D5-8777-135DD13DC3FE} = {FA7E6FB1-0D1C-4934-BB38-F0644658F502}
		{BBC69968-FB06-4FB8-8A04-3FB978356605} = {FA7E6FB1-0D1C-4934-BB38-F0644658F502}
	EndGlobalSection
EndGlobal
