
Microsoft Visual Studio Solution File, Format Version 12.00
# Visual Studio 15
VisualStudioVersion = 15.0.26730.3
MinimumVisualStudioVersion = 10.0.40219.1
Project("{9A19103F-16F7-4668-BE54-9A1E7A4F7556}") = "Harry.Toolkit", "Harry.Toolkit\Harry.Toolkit.csproj", "{8CDB9BF1-4E69-49F7-9597-961AEAC43450}"
EndProject
Project("{9A19103F-16F7-4668-BE54-9A1E7A4F7556}") = "Harry.Common", "Harry.Common\Harry.Common.csproj", "{486D0A33-D0F8-411B-A7DB-2AF18C4293EF}"
EndProject
Global
	GlobalSection(SolutionConfigurationPlatforms) = preSolution
		Debug|Any CPU = Debug|Any CPU
		Release|Any CPU = Release|Any CPU
	EndGlobalSection
	GlobalSection(ProjectConfigurationPlatforms) = postSolution
		{8CDB9BF1-4E69-49F7-9597-961AEAC43450}.Debug|Any CPU.ActiveCfg = Debug|Any CPU
		{8CDB9BF1-4E69-49F7-9597-961AEAC43450}.Debug|Any CPU.Build.0 = Debug|Any CPU
		{8CDB9BF1-4E69-49F7-9597-961AEAC43450}.Release|Any CPU.ActiveCfg = Release|Any CPU
		{8CDB9BF1-4E69-49F7-9597-961AEAC43450}.Release|Any CPU.Build.0 = Release|Any CPU
		{486D0A33-D0F8-411B-A7DB-2AF18C4293EF}.Debug|Any CPU.ActiveCfg = Debug|Any CPU
		{486D0A33-D0F8-411B-A7DB-2AF18C4293EF}.Debug|Any CPU.Build.0 = Debug|Any CPU
		{486D0A33-D0F8-411B-A7DB-2AF18C4293EF}.Release|Any CPU.ActiveCfg = Release|Any CPU
		{486D0A33-D0F8-411B-A7DB-2AF18C4293EF}.Release|Any CPU.Build.0 = Release|Any CPU
	EndGlobalSection
	GlobalSection(SolutionProperties) = preSolution
		HideSolutionNode = FALSE
	EndGlobalSection
	GlobalSection(ExtensibilityGlobals) = postSolution
		SolutionGuid = {1084F7FC-4392-4E22-BB69-3479163A5609}
	EndGlobalSection
EndGlobal
