
Microsoft Visual Studio Solution File, Format Version 12.00
# Visual Studio 14
VisualStudioVersion = 14.0.25123.0
MinimumVisualStudioVersion = 10.0.40219.1
Project("{2150E333-8FDC-42A3-9474-1A3956D46DE8}") = "Test", "Test", "{6B13FF2A-D7E1-4365-8A42-2FD55B0E1778}"
EndProject
Project("{2150E333-8FDC-42A3-9474-1A3956D46DE8}") = "Tools", "Tools", "{3CB370CA-8030-4F25-96AA-A0E269F39AC4}"
EndProject
Project("{2150E333-8FDC-42A3-9474-1A3956D46DE8}") = "Net40", "Net40", "{FA7E6FB1-0D1C-4934-BB38-F0644658F502}"
EndProject
Project("{FAE04EC0-301F-11D3-BF4B-00C04F79EFBC}") = "Harry.Common.Net40", "src\DotNet\Harry.Common\Harry.Common.Net40.csproj", "{D925F3EA-091C-47E9-9AB3-FD94D30E76F1}"
EndProject
Global
	GlobalSection(SolutionConfigurationPlatforms) = preSolution
		Debug|Any CPU = Debug|Any CPU
		Release|Any CPU = Release|Any CPU
	EndGlobalSection
	GlobalSection(ProjectConfigurationPlatforms) = postSolution
		{D925F3EA-091C-47E9-9AB3-FD94D30E76F1}.Debug|Any CPU.ActiveCfg = Debug|Any CPU
		{D925F3EA-091C-47E9-9AB3-FD94D30E76F1}.Debug|Any CPU.Build.0 = Debug|Any CPU
		{D925F3EA-091C-47E9-9AB3-FD94D30E76F1}.Release|Any CPU.ActiveCfg = Release|Any CPU
		{D925F3EA-091C-47E9-9AB3-FD94D30E76F1}.Release|Any CPU.Build.0 = Release|Any CPU
	EndGlobalSection
	GlobalSection(SolutionProperties) = preSolution
		HideSolutionNode = FALSE
	EndGlobalSection
	GlobalSection(NestedProjects) = preSolution
		{D925F3EA-091C-47E9-9AB3-FD94D30E76F1} = {FA7E6FB1-0D1C-4934-BB38-F0644658F502}
	EndGlobalSection
EndGlobal
