
Microsoft Visual Studio Solution File, Format Version 12.00
# Visual Studio 14
VisualStudioVersion = 14.0.25420.1
MinimumVisualStudioVersion = 10.0.40219.1
Project("{2150E333-8FDC-42A3-9474-1A3956D46DE8}") = "src", "src", "{D52F5C5D-DA46-4103-85C6-E05040E92C6C}"
EndProject
Project("{2150E333-8FDC-42A3-9474-1A3956D46DE8}") = "Solution Items", "Solution Items", "{E181E687-3CC8-4AE6-BF96-C9A670AB6547}"
	ProjectSection(SolutionItems) = preProject
		global.json = global.json
		README.md = README.md
	EndProjectSection
EndProject
Project("{8BB2217D-0F2D-49D1-97BC-3654ED321F3B}") = "Harry.Common", "src\Harry.Common\Harry.Common.xproj", "{CFBA457D-22EC-4291-B3F7-DBE55DEF04CA}"
EndProject
Project("{8BB2217D-0F2D-49D1-97BC-3654ED321F3B}") = "Harry.Web", "src\Harry.Web\Harry.Web.xproj", "{BA580087-9342-43DA-868C-32EC2C15E13E}"
EndProject
Project("{2150E333-8FDC-42A3-9474-1A3956D46DE8}") = "doc", "doc", "{C3E1D4CB-80D6-4705-94C9-EC4EF378BCFB}"
	ProjectSection(SolutionItems) = preProject
		doc\NLog.config = doc\NLog.config
	EndProjectSection
EndProject
Project("{8BB2217D-0F2D-49D1-97BC-3654ED321F3B}") = "Harry.Data", "src\Harry.Data\Harry.Data.xproj", "{8FC88E68-837E-4836-9E5C-F3ED50F706EF}"
EndProject
Project("{8BB2217D-0F2D-49D1-97BC-3654ED321F3B}") = "Harry.Json", "src\Harry.Json\Harry.Json.xproj", "{2B95C16C-9ED2-4A24-8943-D3CED73E07F2}"
EndProject
Project("{2150E333-8FDC-42A3-9474-1A3956D46DE8}") = "test", "test", "{19059B59-2C0E-4616-8AB6-63AFA41C7348}"
EndProject
Project("{8BB2217D-0F2D-49D1-97BC-3654ED321F3B}") = "Harry.Json.Test", "test\Harry.Json.Test\Harry.Json.Test.xproj", "{4A3BC40F-34FA-4949-9BCE-A94AF2826AB9}"
EndProject
Project("{8BB2217D-0F2D-49D1-97BC-3654ED321F3B}") = "Harry.Common.Test", "test\Harry.Common.Test\Harry.Common.Test.xproj", "{6BA51EFE-BCD4-4C96-A63B-3DD3F23C17F5}"
EndProject
Project("{8BB2217D-0F2D-49D1-97BC-3654ED321F3B}") = "Harry.Toolkit", "src\Harry.Toolkit\Harry.Toolkit.xproj", "{8BC57B02-F5A0-4DAA-AF6D-25AB2AD8E384}"
EndProject
Project("{8BB2217D-0F2D-49D1-97BC-3654ED321F3B}") = "Harry.Logging.NLog", "src\Harry.Logging.NLog\Harry.Logging.NLog.xproj", "{1329EAE9-0043-404C-83BB-99D74BD8FC51}"
EndProject
Project("{8BB2217D-0F2D-49D1-97BC-3654ED321F3B}") = "Harry.Metrics.MetricsDotNet", "src\Harry.Metrics.MetricsDotNet\Harry.Metrics.MetricsDotNet.xproj", "{36EFB984-1F57-4CB4-B4B2-585662A1ECC3}"
EndProject
Project("{8BB2217D-0F2D-49D1-97BC-3654ED321F3B}") = "Harry.Web.Performance", "src\Harry.Web.Performance\Harry.Web.Performance.xproj", "{D342BB30-E425-4070-980E-6DAA69E385E7}"
EndProject
Global
	GlobalSection(SolutionConfigurationPlatforms) = preSolution
		Debug|Any CPU = Debug|Any CPU
		Release|Any CPU = Release|Any CPU
	EndGlobalSection
	GlobalSection(ProjectConfigurationPlatforms) = postSolution
		{CFBA457D-22EC-4291-B3F7-DBE55DEF04CA}.Debug|Any CPU.ActiveCfg = Debug|Any CPU
		{CFBA457D-22EC-4291-B3F7-DBE55DEF04CA}.Debug|Any CPU.Build.0 = Debug|Any CPU
		{CFBA457D-22EC-4291-B3F7-DBE55DEF04CA}.Release|Any CPU.ActiveCfg = Release|Any CPU
		{CFBA457D-22EC-4291-B3F7-DBE55DEF04CA}.Release|Any CPU.Build.0 = Release|Any CPU
		{BA580087-9342-43DA-868C-32EC2C15E13E}.Debug|Any CPU.ActiveCfg = Debug|Any CPU
		{BA580087-9342-43DA-868C-32EC2C15E13E}.Debug|Any CPU.Build.0 = Debug|Any CPU
		{BA580087-9342-43DA-868C-32EC2C15E13E}.Release|Any CPU.ActiveCfg = Release|Any CPU
		{BA580087-9342-43DA-868C-32EC2C15E13E}.Release|Any CPU.Build.0 = Release|Any CPU
		{8FC88E68-837E-4836-9E5C-F3ED50F706EF}.Debug|Any CPU.ActiveCfg = Debug|Any CPU
		{8FC88E68-837E-4836-9E5C-F3ED50F706EF}.Debug|Any CPU.Build.0 = Debug|Any CPU
		{8FC88E68-837E-4836-9E5C-F3ED50F706EF}.Release|Any CPU.ActiveCfg = Release|Any CPU
		{8FC88E68-837E-4836-9E5C-F3ED50F706EF}.Release|Any CPU.Build.0 = Release|Any CPU
		{2B95C16C-9ED2-4A24-8943-D3CED73E07F2}.Debug|Any CPU.ActiveCfg = Debug|Any CPU
		{2B95C16C-9ED2-4A24-8943-D3CED73E07F2}.Debug|Any CPU.Build.0 = Debug|Any CPU
		{2B95C16C-9ED2-4A24-8943-D3CED73E07F2}.Release|Any CPU.ActiveCfg = Release|Any CPU
		{2B95C16C-9ED2-4A24-8943-D3CED73E07F2}.Release|Any CPU.Build.0 = Release|Any CPU
		{4A3BC40F-34FA-4949-9BCE-A94AF2826AB9}.Debug|Any CPU.ActiveCfg = Debug|Any CPU
		{4A3BC40F-34FA-4949-9BCE-A94AF2826AB9}.Debug|Any CPU.Build.0 = Debug|Any CPU
		{4A3BC40F-34FA-4949-9BCE-A94AF2826AB9}.Release|Any CPU.ActiveCfg = Release|Any CPU
		{4A3BC40F-34FA-4949-9BCE-A94AF2826AB9}.Release|Any CPU.Build.0 = Release|Any CPU
		{6BA51EFE-BCD4-4C96-A63B-3DD3F23C17F5}.Debug|Any CPU.ActiveCfg = Debug|Any CPU
		{6BA51EFE-BCD4-4C96-A63B-3DD3F23C17F5}.Debug|Any CPU.Build.0 = Debug|Any CPU
		{6BA51EFE-BCD4-4C96-A63B-3DD3F23C17F5}.Release|Any CPU.ActiveCfg = Release|Any CPU
		{6BA51EFE-BCD4-4C96-A63B-3DD3F23C17F5}.Release|Any CPU.Build.0 = Release|Any CPU
		{8BC57B02-F5A0-4DAA-AF6D-25AB2AD8E384}.Debug|Any CPU.ActiveCfg = Debug|Any CPU
		{8BC57B02-F5A0-4DAA-AF6D-25AB2AD8E384}.Debug|Any CPU.Build.0 = Debug|Any CPU
		{8BC57B02-F5A0-4DAA-AF6D-25AB2AD8E384}.Release|Any CPU.ActiveCfg = Release|Any CPU
		{8BC57B02-F5A0-4DAA-AF6D-25AB2AD8E384}.Release|Any CPU.Build.0 = Release|Any CPU
		{1329EAE9-0043-404C-83BB-99D74BD8FC51}.Debug|Any CPU.ActiveCfg = Debug|Any CPU
		{1329EAE9-0043-404C-83BB-99D74BD8FC51}.Debug|Any CPU.Build.0 = Debug|Any CPU
		{1329EAE9-0043-404C-83BB-99D74BD8FC51}.Release|Any CPU.ActiveCfg = Release|Any CPU
		{1329EAE9-0043-404C-83BB-99D74BD8FC51}.Release|Any CPU.Build.0 = Release|Any CPU
		{36EFB984-1F57-4CB4-B4B2-585662A1ECC3}.Debug|Any CPU.ActiveCfg = Debug|Any CPU
		{36EFB984-1F57-4CB4-B4B2-585662A1ECC3}.Debug|Any CPU.Build.0 = Debug|Any CPU
		{36EFB984-1F57-4CB4-B4B2-585662A1ECC3}.Release|Any CPU.ActiveCfg = Release|Any CPU
		{36EFB984-1F57-4CB4-B4B2-585662A1ECC3}.Release|Any CPU.Build.0 = Release|Any CPU
		{D342BB30-E425-4070-980E-6DAA69E385E7}.Debug|Any CPU.ActiveCfg = Debug|Any CPU
		{D342BB30-E425-4070-980E-6DAA69E385E7}.Debug|Any CPU.Build.0 = Debug|Any CPU
		{D342BB30-E425-4070-980E-6DAA69E385E7}.Release|Any CPU.ActiveCfg = Release|Any CPU
		{D342BB30-E425-4070-980E-6DAA69E385E7}.Release|Any CPU.Build.0 = Release|Any CPU
	EndGlobalSection
	GlobalSection(SolutionProperties) = preSolution
		HideSolutionNode = FALSE
	EndGlobalSection
	GlobalSection(NestedProjects) = preSolution
		{CFBA457D-22EC-4291-B3F7-DBE55DEF04CA} = {D52F5C5D-DA46-4103-85C6-E05040E92C6C}
		{BA580087-9342-43DA-868C-32EC2C15E13E} = {D52F5C5D-DA46-4103-85C6-E05040E92C6C}
		{C3E1D4CB-80D6-4705-94C9-EC4EF378BCFB} = {E181E687-3CC8-4AE6-BF96-C9A670AB6547}
		{8FC88E68-837E-4836-9E5C-F3ED50F706EF} = {D52F5C5D-DA46-4103-85C6-E05040E92C6C}
		{2B95C16C-9ED2-4A24-8943-D3CED73E07F2} = {D52F5C5D-DA46-4103-85C6-E05040E92C6C}
		{4A3BC40F-34FA-4949-9BCE-A94AF2826AB9} = {19059B59-2C0E-4616-8AB6-63AFA41C7348}
		{6BA51EFE-BCD4-4C96-A63B-3DD3F23C17F5} = {19059B59-2C0E-4616-8AB6-63AFA41C7348}
		{8BC57B02-F5A0-4DAA-AF6D-25AB2AD8E384} = {D52F5C5D-DA46-4103-85C6-E05040E92C6C}
		{1329EAE9-0043-404C-83BB-99D74BD8FC51} = {D52F5C5D-DA46-4103-85C6-E05040E92C6C}
		{36EFB984-1F57-4CB4-B4B2-585662A1ECC3} = {D52F5C5D-DA46-4103-85C6-E05040E92C6C}
		{D342BB30-E425-4070-980E-6DAA69E385E7} = {D52F5C5D-DA46-4103-85C6-E05040E92C6C}
	EndGlobalSection
EndGlobal
